// !$*UTF8*$!
{
	archiveVersion = 1;
	classes = {
	};
	objectVersion = 56;
	objects = {

/* Begin PBXBuildFile section */
		A6C632FC2B19182F00D1B516 /* ThreadStudyApp.swift in Sources */ = {isa = PBXBuildFile; fileRef = A6C632FB2B19182F00D1B516 /* ThreadStudyApp.swift */; };
		A6C632FE2B19182F00D1B516 /* ContentView.swift in Sources */ = {isa = PBXBuildFile; fileRef = A6C632FD2B19182F00D1B516 /* ContentView.swift */; };
		A6C633002B19183000D1B516 /* Assets.xcassets in Resources */ = {isa = PBXBuildFile; fileRef = A6C632FF2B19183000D1B516 /* Assets.xcassets */; };
		A6C633032B19183000D1B516 /* Preview Assets.xcassets in Resources */ = {isa = PBXBuildFile; fileRef = A6C633022B19183000D1B516 /* Preview Assets.xcassets */; };
		A6C6330D2B19183100D1B516 /* ThreadStudyTests.swift in Sources */ = {isa = PBXBuildFile; fileRef = A6C6330C2B19183100D1B516 /* ThreadStudyTests.swift */; };
		A6C633172B19183100D1B516 /* ThreadStudyUITests.swift in Sources */ = {isa = PBXBuildFile; fileRef = A6C633162B19183100D1B516 /* ThreadStudyUITests.swift */; };
		A6C633192B19183100D1B516 /* ThreadStudyUITestsLaunchTests.swift in Sources */ = {isa = PBXBuildFile; fileRef = A6C633182B19183100D1B516 /* ThreadStudyUITestsLaunchTests.swift */; };
/* End PBXBuildFile section */

/* Begin PBXContainerItemProxy section */
		A6C633092B19183100D1B516 /* PBXContainerItemProxy */ = {
			isa = PBXContainerItemProxy;
			containerPortal = A6C632F02B19182F00D1B516 /* Project object */;
			proxyType = 1;
			remoteGlobalIDString = A6C632F72B19182F00D1B516;
			remoteInfo = ThreadStudy;
		};
		A6C633132B19183100D1B516 /* PBXContainerItemProxy */ = {
			isa = PBXContainerItemProxy;
			containerPortal = A6C632F02B19182F00D1B516 /* Project object */;
			proxyType = 1;
			remoteGlobalIDString = A6C632F72B19182F00D1B516;
			remoteInfo = ThreadStudy;
		};
/* End PBXContainerItemProxy section */

/* Begin PBXFileReference section */
		A6C632F82B19182F00D1B516 /* ThreadStudy.app */ = {isa = PBXFileReference; explicitFileType = wrapper.application; includeInIndex = 0; path = ThreadStudy.app; sourceTree = BUILT_PRODUCTS_DIR; };
		A6C632FB2B19182F00D1B516 /* ThreadStudyApp.swift */ = {isa = PBXFileReference; lastKnownFileType = sourcecode.swift; path = ThreadStudyApp.swift; sourceTree = "<group>"; };
		A6C632FD2B19182F00D1B516 /* ContentView.swift */ = {isa = PBXFileReference; lastKnownFileType = sourcecode.swift; path = ContentView.swift; sourceTree = "<group>"; };
		A6C632FF2B19183000D1B516 /* Assets.xcassets */ = {isa = PBXFileReference; lastKnownFileType = folder.assetcatalog; path = Assets.xcassets; sourceTree = "<group>"; };
		A6C633022B19183000D1B516 /* Preview Assets.xcassets */ = {isa = PBXFileReference; lastKnownFileType = folder.assetcatalog; path = "Preview Assets.xcassets"; sourceTree = "<group>"; };
		A6C633082B19183100D1B516 /* ThreadStudyTests.xctest */ = {isa = PBXFileReference; explicitFileType = wrapper.cfbundle; includeInIndex = 0; path = ThreadStudyTests.xctest; sourceTree = BUILT_PRODUCTS_DIR; };
		A6C6330C2B19183100D1B516 /* ThreadStudyTests.swift */ = {isa = PBXFileReference; lastKnownFileType = sourcecode.swift; path = ThreadStudyTests.swift; sourceTree = "<group>"; };
		A6C633122B19183100D1B516 /* ThreadStudyUITests.xctest */ = {isa = PBXFileReference; explicitFileType = wrapper.cfbundle; includeInIndex = 0; path = ThreadStudyUITests.xctest; sourceTree = BUILT_PRODUCTS_DIR; };
		A6C633162B19183100D1B516 /* ThreadStudyUITests.swift */ = {isa = PBXFileReference; lastKnownFileType = sourcecode.swift; path = ThreadStudyUITests.swift; sourceTree = "<group>"; };
		A6C633182B19183100D1B516 /* ThreadStudyUITestsLaunchTests.swift */ = {isa = PBXFileReference; lastKnownFileType = sourcecode.swift; path = ThreadStudyUITestsLaunchTests.swift; sourceTree = "<group>"; };
/* End PBXFileReference section */

/* Begin PBXFrameworksBuildPhase section */
		A6C632F52B19182F00D1B516 /* Frameworks */ = {
			isa = PBXFrameworksBuildPhase;
			buildActionMask = 2147483647;
			files = (
			);
			runOnlyForDeploymentPostprocessing = 0;
		};
		A6C633052B19183100D1B516 /* Frameworks */ = {
			isa = PBXFrameworksBuildPhase;
			buildActionMask = 2147483647;
			files = (
			);
			runOnlyForDeploymentPostprocessing = 0;
		};
		A6C6330F2B19183100D1B516 /* Frameworks */ = {
			isa = PBXFrameworksBuildPhase;
			buildActionMask = 2147483647;
			files = (
			);
			runOnlyForDeploymentPostprocessing = 0;
		};
/* End PBXFrameworksBuildPhase section */

/* Begin PBXGroup section */
		A6C632EF2B19182F00D1B516 = {
			isa = PBXGroup;
			children = (
				A6C632FA2B19182F00D1B516 /* ThreadStudy */,
				A6C6330B2B19183100D1B516 /* ThreadStudyTests */,
				A6C633152B19183100D1B516 /* ThreadStudyUITests */,
				A6C632F92B19182F00D1B516 /* Products */,
			);
			sourceTree = "<group>";
		};
		A6C632F92B19182F00D1B516 /* Products */ = {
			isa = PBXGroup;
			children = (
				A6C632F82B19182F00D1B516 /* ThreadStudy.app */,
				A6C633082B19183100D1B516 /* ThreadStudyTests.xctest */,
				A6C633122B19183100D1B516 /* ThreadStudyUITests.xctest */,
			);
			name = Products;
			sourceTree = "<group>";
		};
		A6C632FA2B19182F00D1B516 /* ThreadStudy */ = {
			isa = PBXGroup;
			children = (
				A6C632FB2B19182F00D1B516 /* ThreadStudyApp.swift */,
				A6C632FD2B19182F00D1B516 /* ContentView.swift */,
				A6C632FF2B19183000D1B516 /* Assets.xcassets */,
				A6C633012B19183000D1B516 /* Preview Content */,
			);
			path = ThreadStudy;
			sourceTree = "<group>";
		};
		A6C633012B19183000D1B516 /* Preview Content */ = {
			isa = PBXGroup;
			children = (
				A6C633022B19183000D1B516 /* Preview Assets.xcassets */,
			);
			path = "Preview Content";
			sourceTree = "<group>";
		};
		A6C6330B2B19183100D1B516 /* ThreadStudyTests */ = {
			isa = PBXGroup;
			children = (
				A6C6330C2B19183100D1B516 /* ThreadStudyTests.swift */,
			);
			path = ThreadStudyTests;
			sourceTree = "<group>";
		};
		A6C633152B19183100D1B516 /* ThreadStudyUITests */ = {
			isa = PBXGroup;
			children = (
				A6C633162B19183100D1B516 /* ThreadStudyUITests.swift */,
				A6C633182B19183100D1B516 /* ThreadStudyUITestsLaunchTests.swift */,
			);
			path = ThreadStudyUITests;
			sourceTree = "<group>";
		};
/* End PBXGroup section */

/* Begin PBXNativeTarget section */
		A6C632F72B19182F00D1B516 /* ThreadStudy */ = {
			isa = PBXNativeTarget;
			buildConfigurationList = A6C6331C2B19183100D1B516 /* Build configuration list for PBXNativeTarget "ThreadStudy" */;
			buildPhases = (
				A6C632F42B19182F00D1B516 /* Sources */,
				A6C632F52B19182F00D1B516 /* Frameworks */,
				A6C632F62B19182F00D1B516 /* Resources */,
			);
			buildRules = (
			);
			dependencies = (
			);
			name = ThreadStudy;
			productName = ThreadStudy;
			productReference = A6C632F82B19182F00D1B516 /* ThreadStudy.app */;
			productType = "com.apple.product-type.application";
		};
		A6C633072B19183100D1B516 /* ThreadStudyTests */ = {
			isa = PBXNativeTarget;
			buildConfigurationList = A6C6331F2B19183100D1B516 /* Build configuration list for PBXNativeTarget "ThreadStudyTests" */;
			buildPhases = (
				A6C633042B19183100D1B516 /* Sources */,
				A6C633052B19183100D1B516 /* Frameworks */,
				A6C633062B19183100D1B516 /* Resources */,
			);
			buildRules = (
			);
			dependencies = (
				A6C6330A2B19183100D1B516 /* PBXTargetDependency */,
			);
			name = ThreadStudyTests;
			productName = ThreadStudyTests;
			productReference = A6C633082B19183100D1B516 /* ThreadStudyTests.xctest */;
			productType = "com.apple.product-type.bundle.unit-test";
		};
		A6C633112B19183100D1B516 /* ThreadStudyUITests */ = {
			isa = PBXNativeTarget;
			buildConfigurationList = A6C633222B19183100D1B516 /* Build configuration list for PBXNativeTarget "ThreadStudyUITests" */;
			buildPhases = (
				A6C6330E2B19183100D1B516 /* Sources */,
				A6C6330F2B19183100D1B516 /* Frameworks */,
				A6C633102B19183100D1B516 /* Resources */,
			);
			buildRules = (
			);
			dependencies = (
				A6C633142B19183100D1B516 /* PBXTargetDependency */,
			);
			name = ThreadStudyUITests;
			productName = ThreadStudyUITests;
			productReference = A6C633122B19183100D1B516 /* ThreadStudyUITests.xctest */;
			productType = "com.apple.product-type.bundle.ui-testing";
		};
/* End PBXNativeTarget section */

/* Begin PBXProject section */
		A6C632F02B19182F00D1B516 /* Project object */ = {
			isa = PBXProject;
			attributes = {
				BuildIndependentTargetsInParallel = 1;
				LastSwiftUpdateCheck = 1500;
				LastUpgradeCheck = 1500;
				TargetAttributes = {
					A6C632F72B19182F00D1B516 = {
						CreatedOnToolsVersion = 15.0;
					};
					A6C633072B19183100D1B516 = {
						CreatedOnToolsVersion = 15.0;
						TestTargetID = A6C632F72B19182F00D1B516;
					};
					A6C633112B19183100D1B516 = {
						CreatedOnToolsVersion = 15.0;
						TestTargetID = A6C632F72B19182F00D1B516;
					};
				};
			};
			buildConfigurationList = A6C632F32B19182F00D1B516 /* Build configuration list for PBXProject "ThreadStudy" */;
			compatibilityVersion = "Xcode 14.0";
			developmentRegion = en;
			hasScannedForEncodings = 0;
			knownRegions = (
				en,
				Base,
			);
			mainGroup = A6C632EF2B19182F00D1B516;
			productRefGroup = A6C632F92B19182F00D1B516 /* Products */;
			projectDirPath = "";
			projectRoot = "";
			targets = (
				A6C632F72B19182F00D1B516 /* ThreadStudy */,
				A6C633072B19183100D1B516 /* ThreadStudyTests */,
				A6C633112B19183100D1B516 /* ThreadStudyUITests */,
			);
		};
/* End PBXProject section */

/* Begin PBXResourcesBuildPhase section */
		A6C632F62B19182F00D1B516 /* Resources */ = {
			isa = PBXResourcesBuildPhase;
			buildActionMask = 2147483647;
			files = (
				A6C633032B19183000D1B516 /* Preview Assets.xcassets in Resources */,
				A6C633002B19183000D1B516 /* Assets.xcassets in Resources */,
			);
			runOnlyForDeploymentPostprocessing = 0;
		};
		A6C633062B19183100D1B516 /* Resources */ = {
			isa = PBXResourcesBuildPhase;
			buildActionMask = 2147483647;
			files = (
			);
			runOnlyForDeploymentPostprocessing = 0;
		};
		A6C633102B19183100D1B516 /* Resources */ = {
			isa = PBXResourcesBuildPhase;
			buildActionMask = 2147483647;
			files = (
			);
			runOnlyForDeploymentPostprocessing = 0;
		};
/* End PBXResourcesBuildPhase section */

/* Begin PBXSourcesBuildPhase section */
		A6C632F42B19182F00D1B516 /* Sources */ = {
			isa = PBXSourcesBuildPhase;
			buildActionMask = 2147483647;
			files = (
				A6C632FE2B19182F00D1B516 /* ContentView.swift in Sources */,
				A6C632FC2B19182F00D1B516 /* ThreadStudyApp.swift in Sources */,
			);
			runOnlyForDeploymentPostprocessing = 0;
		};
		A6C633042B19183100D1B516 /* Sources */ = {
			isa = PBXSourcesBuildPhase;
			buildActionMask = 2147483647;
			files = (
				A6C6330D2B19183100D1B516 /* ThreadStudyTests.swift in Sources */,
			);
			runOnlyForDeploymentPostprocessing = 0;
		};
		A6C6330E2B19183100D1B516 /* Sources */ = {
			isa = PBXSourcesBuildPhase;
			buildActionMask = 2147483647;
			files = (
				A6C633192B19183100D1B516 /* ThreadStudyUITestsLaunchTests.swift in Sources */,
				A6C633172B19183100D1B516 /* ThreadStudyUITests.swift in Sources */,
			);
			runOnlyForDeploymentPostprocessing = 0;
		};
/* End PBXSourcesBuildPhase section */

/* Begin PBXTargetDependency section */
		A6C6330A2B19183100D1B516 /* PBXTargetDependency */ = {
			isa = PBXTargetDependency;
			target = A6C632F72B19182F00D1B516 /* ThreadStudy */;
			targetProxy = A6C633092B19183100D1B516 /* PBXContainerItemProxy */;
		};
		A6C633142B19183100D1B516 /* PBXTargetDependency */ = {
			isa = PBXTargetDependency;
			target = A6C632F72B19182F00D1B516 /* ThreadStudy */;
			targetProxy = A6C633132B19183100D1B516 /* PBXContainerItemProxy */;
		};
/* End PBXTargetDependency section */

/* Begin XCBuildConfiguration section */
		A6C6331A2B19183100D1B516 /* Debug */ = {
			isa = XCBuildConfiguration;
			buildSettings = {
				ALWAYS_SEARCH_USER_PATHS = NO;
				ASSETCATALOG_COMPILER_GENERATE_SWIFT_ASSET_SYMBOL_EXTENSIONS = YES;
				CLANG_ANALYZER_NONNULL = YES;
				CLANG_ANALYZER_NUMBER_OBJECT_CONVERSION = YES_AGGRESSIVE;
				CLANG_CXX_LANGUAGE_STANDARD = "gnu++20";
				CLANG_ENABLE_MODULES = YES;
				CLANG_ENABLE_OBJC_ARC = YES;
				CLANG_ENABLE_OBJC_WEAK = YES;
				CLANG_WARN_BLOCK_CAPTURE_AUTORELEASING = YES;
				CLANG_WARN_BOOL_CONVERSION = YES;
				CLANG_WARN_COMMA = YES;
				CLANG_WARN_CONSTANT_CONVERSION = YES;
				CLANG_WARN_DEPRECATED_OBJC_IMPLEMENTATIONS = YES;
				CLANG_WARN_DIRECT_OBJC_ISA_USAGE = YES_ERROR;
				CLANG_WARN_DOCUMENTATION_COMMENTS = YES;
				CLANG_WARN_EMPTY_BODY = YES;
				CLANG_WARN_ENUM_CONVERSION = YES;
				CLANG_WARN_INFINITE_RECURSION = YES;
				CLANG_WARN_INT_CONVERSION = YES;
				CLANG_WARN_NON_LITERAL_NULL_CONVERSION = YES;
				CLANG_WARN_OBJC_IMPLICIT_RETAIN_SELF = YES;
				CLANG_WARN_OBJC_LITERAL_CONVERSION = YES;
				CLANG_WARN_OBJC_ROOT_CLASS = YES_ERROR;
				CLANG_WARN_QUOTED_INCLUDE_IN_FRAMEWORK_HEADER = YES;
				CLANG_WARN_RANGE_LOOP_ANALYSIS = YES;
				CLANG_WARN_STRICT_PROTOTYPES = YES;
				CLANG_WARN_SUSPICIOUS_MOVE = YES;
				CLANG_WARN_UNGUARDED_AVAILABILITY = YES_AGGRESSIVE;
				CLANG_WARN_UNREACHABLE_CODE = YES;
				CLANG_WARN__DUPLICATE_METHOD_MATCH = YES;
				COPY_PHASE_STRIP = NO;
				DEBUG_INFORMATION_FORMAT = dwarf;
				ENABLE_STRICT_OBJC_MSGSEND = YES;
				ENABLE_TESTABILITY = YES;
				ENABLE_USER_SCRIPT_SANDBOXING = YES;
				GCC_C_LANGUAGE_STANDARD = gnu17;
				GCC_DYNAMIC_NO_PIC = NO;
				GCC_NO_COMMON_BLOCKS = YES;
				GCC_OPTIMIZATION_LEVEL = 0;
				GCC_PREPROCESSOR_DEFINITIONS = (
					"DEBUG=1",
					"$(inherited)",
				);
				GCC_WARN_64_TO_32_BIT_CONVERSION = YES;
				GCC_WARN_ABOUT_RETURN_TYPE = YES_ERROR;
				GCC_WARN_UNDECLARED_SELECTOR = YES;
				GCC_WARN_UNINITIALIZED_AUTOS = YES_AGGRESSIVE;
				GCC_WARN_UNUSED_FUNCTION = YES;
				GCC_WARN_UNUSED_VARIABLE = YES;
				IPHONEOS_DEPLOYMENT_TARGET = 17.0;
				LOCALIZATION_PREFERS_STRING_CATALOGS = YES;
				MTL_ENABLE_DEBUG_INFO = INCLUDE_SOURCE;
				MTL_FAST_MATH = YES;
				ONLY_ACTIVE_ARCH = YES;
				SDKROOT = iphoneos;
				SWIFT_ACTIVE_COMPILATION_CONDITIONS = "DEBUG $(inherited)";
				SWIFT_OPTIMIZATION_LEVEL = "-Onone";
			};
			name = Debug;
		};
		A6C6331B2B19183100D1B516 /* Release */ = {
			isa = XCBuildConfiguration;
			buildSettings = {
				ALWAYS_SEARCH_USER_PATHS = NO;
				ASSETCATALOG_COMPILER_GENERATE_SWIFT_ASSET_SYMBOL_EXTENSIONS = YES;
				CLANG_ANALYZER_NONNULL = YES;
				CLANG_ANALYZER_NUMBER_OBJECT_CONVERSION = YES_AGGRESSIVE;
				CLANG_CXX_LANGUAGE_STANDARD = "gnu++20";
				CLANG_ENABLE_MODULES = YES;
				CLANG_ENABLE_OBJC_ARC = YES;
				CLANG_ENABLE_OBJC_WEAK = YES;
				CLANG_WARN_BLOCK_CAPTURE_AUTORELEASING = YES;
				CLANG_WARN_BOOL_CONVERSION = YES;
				CLANG_WARN_COMMA = YES;
				CLANG_WARN_CONSTANT_CONVERSION = YES;
				CLANG_WARN_DEPRECATED_OBJC_IMPLEMENTATIONS = YES;
				CLANG_WARN_DIRECT_OBJC_ISA_USAGE = YES_ERROR;
				CLANG_WARN_DOCUMENTATION_COMMENTS = YES;
				CLANG_WARN_EMPTY_BODY = YES;
				CLANG_WARN_ENUM_CONVERSION = YES;
				CLANG_WARN_INFINITE_RECURSION = YES;
				CLANG_WARN_INT_CONVERSION = YES;
				CLANG_WARN_NON_LITERAL_NULL_CONVERSION = YES;
				CLANG_WARN_OBJC_IMPLICIT_RETAIN_SELF = YES;
				CLANG_WARN_OBJC_LITERAL_CONVERSION = YES;
				CLANG_WARN_OBJC_ROOT_CLASS = YES_ERROR;
				CLANG_WARN_QUOTED_INCLUDE_IN_FRAMEWORK_HEADER = YES;
				CLANG_WARN_RANGE_LOOP_ANALYSIS = YES;
				CLANG_WARN_STRICT_PROTOTYPES = YES;
				CLANG_WARN_SUSPICIOUS_MOVE = YES;
				CLANG_WARN_UNGUARDED_AVAILABILITY = YES_AGGRESSIVE;
				CLANG_WARN_UNREACHABLE_CODE = YES;
				CLANG_WARN__DUPLICATE_METHOD_MATCH = YES;
				COPY_PHASE_STRIP = NO;
				DEBUG_INFORMATION_FORMAT = "dwarf-with-dsym";
				ENABLE_NS_ASSERTIONS = NO;
				ENABLE_STRICT_OBJC_MSGSEND = YES;
				ENABLE_USER_SCRIPT_SANDBOXING = YES;
				GCC_C_LANGUAGE_STANDARD = gnu17;
				GCC_NO_COMMON_BLOCKS = YES;
				GCC_WARN_64_TO_32_BIT_CONVERSION = YES;
				GCC_WARN_ABOUT_RETURN_TYPE = YES_ERROR;
				GCC_WARN_UNDECLARED_SELECTOR = YES;
				GCC_WARN_UNINITIALIZED_AUTOS = YES_AGGRESSIVE;
				GCC_WARN_UNUSED_FUNCTION = YES;
				GCC_WARN_UNUSED_VARIABLE = YES;
				IPHONEOS_DEPLOYMENT_TARGET = 17.0;
				LOCALIZATION_PREFERS_STRING_CATALOGS = YES;
				MTL_ENABLE_DEBUG_INFO = NO;
				MTL_FAST_MATH = YES;
				SDKROOT = iphoneos;
				SWIFT_COMPILATION_MODE = wholemodule;
				VALIDATE_PRODUCT = YES;
			};
			name = Release;
		};
		A6C6331D2B19183100D1B516 /* Debug */ = {
			isa = XCBuildConfiguration;
			buildSettings = {
				ASSETCATALOG_COMPILER_APPICON_NAME = AppIcon;
				ASSETCATALOG_COMPILER_GLOBAL_ACCENT_COLOR_NAME = AccentColor;
				CODE_SIGN_STYLE = Automatic;
				CURRENT_PROJECT_VERSION = 1;
				DEVELOPMENT_ASSET_PATHS = "\"ThreadStudy/Preview Content\"";
				DEVELOPMENT_TEAM = 2SRF5TLB8K;
				ENABLE_PREVIEWS = YES;
				GENERATE_INFOPLIST_FILE = YES;
				INFOPLIST_KEY_UIApplicationSceneManifest_Generation = YES;
				INFOPLIST_KEY_UIApplicationSupportsIndirectInputEvents = YES;
				INFOPLIST_KEY_UILaunchScreen_Generation = YES;
				INFOPLIST_KEY_UISupportedInterfaceOrientations_iPad = "UIInterfaceOrientationPortrait UIInterfaceOrientationPortraitUpsideDown UIInterfaceOrientationLandscapeLeft UIInterfaceOrientationLandscapeRight";
				INFOPLIST_KEY_UISupportedInterfaceOrientations_iPhone = "UIInterfaceOrientationPortrait UIInterfaceOrientationLandscapeLeft UIInterfaceOrientationLandscapeRight";
				LD_RUNPATH_SEARCH_PATHS = (
					"$(inherited)",
					"@executable_path/Frameworks",
				);
				MARKETING_VERSION = 1.0;
				PRODUCT_BUNDLE_IDENTIFIER = com.newlibre.ThreadStudy;
				PRODUCT_NAME = "$(TARGET_NAME)";
				SWIFT_EMIT_LOC_STRINGS = YES;
				SWIFT_VERSION = 5.0;
				TARGETED_DEVICE_FAMILY = "1,2";
			};
			name = Debug;
		};
		A6C6331E2B19183100D1B516 /* Release */ = {
			isa = XCBuildConfiguration;
			buildSettings = {
				ASSETCATALOG_COMPILER_APPICON_NAME = AppIcon;
				ASSETCATALOG_COMPILER_GLOBAL_ACCENT_COLOR_NAME = AccentColor;
				CODE_SIGN_STYLE = Automatic;
				CURRENT_PROJECT_VERSION = 1;
				DEVELOPMENT_ASSET_PATHS = "\"ThreadStudy/Preview Content\"";
				DEVELOPMENT_TEAM = 2SRF5TLB8K;
				ENABLE_PREVIEWS = YES;
				GENERATE_INFOPLIST_FILE = YES;
				INFOPLIST_KEY_UIApplicationSceneManifest_Generation = YES;
				INFOPLIST_KEY_UIApplicationSupportsIndirectInputEvents = YES;
				INFOPLIST_KEY_UILaunchScreen_Generation = YES;
				INFOPLIST_KEY_UISupportedInterfaceOrientations_iPad = "UIInterfaceOrientationPortrait UIInterfaceOrientationPortraitUpsideDown UIInterfaceOrientationLandscapeLeft UIInterfaceOrientationLandscapeRight";
				INFOPLIST_KEY_UISupportedInterfaceOrientations_iPhone = "UIInterfaceOrientationPortrait UIInterfaceOrientationLandscapeLeft UIInterfaceOrientationLandscapeRight";
				LD_RUNPATH_SEARCH_PATHS = (
					"$(inherited)",
					"@executable_path/Frameworks",
				);
				MARKETING_VERSION = 1.0;
				PRODUCT_BUNDLE_IDENTIFIER = com.newlibre.ThreadStudy;
				PRODUCT_NAME = "$(TARGET_NAME)";
				SWIFT_EMIT_LOC_STRINGS = YES;
				SWIFT_VERSION = 5.0;
				TARGETED_DEVICE_FAMILY = "1,2";
			};
			name = Release;
		};
		A6C633202B19183100D1B516 /* Debug */ = {
			isa = XCBuildConfiguration;
			buildSettings = {
				ALWAYS_EMBED_SWIFT_STANDARD_LIBRARIES = YES;
				BUNDLE_LOADER = "$(TEST_HOST)";
				CODE_SIGN_STYLE = Automatic;
				CURRENT_PROJECT_VERSION = 1;
				DEVELOPMENT_TEAM = 2SRF5TLB8K;
				GENERATE_INFOPLIST_FILE = YES;
				IPHONEOS_DEPLOYMENT_TARGET = 17.0;
				MARKETING_VERSION = 1.0;
				PRODUCT_BUNDLE_IDENTIFIER = com.newlibre.ThreadStudyTests;
				PRODUCT_NAME = "$(TARGET_NAME)";
				SWIFT_EMIT_LOC_STRINGS = NO;
				SWIFT_VERSION = 5.0;
				TARGETED_DEVICE_FAMILY = "1,2";
				TEST_HOST = "$(BUILT_PRODUCTS_DIR)/ThreadStudy.app/$(BUNDLE_EXECUTABLE_FOLDER_PATH)/ThreadStudy";
			};
			name = Debug;
		};
		A6C633212B19183100D1B516 /* Release */ = {
			isa = XCBuildConfiguration;
			buildSettings = {
				ALWAYS_EMBED_SWIFT_STANDARD_LIBRARIES = YES;
				BUNDLE_LOADER = "$(TEST_HOST)";
				CODE_SIGN_STYLE = Automatic;
				CURRENT_PROJECT_VERSION = 1;
				DEVELOPMENT_TEAM = 2SRF5TLB8K;
				GENERATE_INFOPLIST_FILE = YES;
				IPHONEOS_DEPLOYMENT_TARGET = 17.0;
				MARKETING_VERSION = 1.0;
				PRODUCT_BUNDLE_IDENTIFIER = com.newlibre.ThreadStudyTests;
				PRODUCT_NAME = "$(TARGET_NAME)";
				SWIFT_EMIT_LOC_STRINGS = NO;
				SWIFT_VERSION = 5.0;
				TARGETED_DEVICE_FAMILY = "1,2";
				TEST_HOST = "$(BUILT_PRODUCTS_DIR)/ThreadStudy.app/$(BUNDLE_EXECUTABLE_FOLDER_PATH)/ThreadStudy";
			};
			name = Release;
		};
		A6C633232B19183100D1B516 /* Debug */ = {
			isa = XCBuildConfiguration;
			buildSettings = {
				ALWAYS_EMBED_SWIFT_STANDARD_LIBRARIES = YES;
				CODE_SIGN_STYLE = Automatic;
				CURRENT_PROJECT_VERSION = 1;
				DEVELOPMENT_TEAM = 2SRF5TLB8K;
				GENERATE_INFOPLIST_FILE = YES;
				MARKETING_VERSION = 1.0;
				PRODUCT_BUNDLE_IDENTIFIER = com.newlibre.ThreadStudyUITests;
				PRODUCT_NAME = "$(TARGET_NAME)";
				SWIFT_EMIT_LOC_STRINGS = NO;
				SWIFT_VERSION = 5.0;
				TARGETED_DEVICE_FAMILY = "1,2";
				TEST_TARGET_NAME = ThreadStudy;
			};
			name = Debug;
		};
		A6C633242B19183100D1B516 /* Release */ = {
			isa = XCBuildConfiguration;
			buildSettings = {
				ALWAYS_EMBED_SWIFT_STANDARD_LIBRARIES = YES;
				CODE_SIGN_STYLE = Automatic;
				CURRENT_PROJECT_VERSION = 1;
				DEVELOPMENT_TEAM = 2SRF5TLB8K;
				GENERATE_INFOPLIST_FILE = YES;
				MARKETING_VERSION = 1.0;
				PRODUCT_BUNDLE_IDENTIFIER = com.newlibre.ThreadStudyUITests;
				PRODUCT_NAME = "$(TARGET_NAME)";
				SWIFT_EMIT_LOC_STRINGS = NO;
				SWIFT_VERSION = 5.0;
				TARGETED_DEVICE_FAMILY = "1,2";
				TEST_TARGET_NAME = ThreadStudy;
			};
			name = Release;
		};
/* End XCBuildConfiguration section */

/* Begin XCConfigurationList section */
		A6C632F32B19182F00D1B516 /* Build configuration list for PBXProject "ThreadStudy" */ = {
			isa = XCConfigurationList;
			buildConfigurations = (
				A6C6331A2B19183100D1B516 /* Debug */,
				A6C6331B2B19183100D1B516 /* Release */,
			);
			defaultConfigurationIsVisible = 0;
			defaultConfigurationName = Release;
		};
		A6C6331C2B19183100D1B516 /* Build configuration list for PBXNativeTarget "ThreadStudy" */ = {
			isa = XCConfigurationList;
			buildConfigurations = (
				A6C6331D2B19183100D1B516 /* Debug */,
				A6C6331E2B19183100D1B516 /* Release */,
			);
			defaultConfigurationIsVisible = 0;
			defaultConfigurationName = Release;
		};
		A6C6331F2B19183100D1B516 /* Build configuration list for PBXNativeTarget "ThreadStudyTests" */ = {
			isa = XCConfigurationList;
			buildConfigurations = (
				A6C633202B19183100D1B516 /* Debug */,
				A6C633212B19183100D1B516 /* Release */,
			);
			defaultConfigurationIsVisible = 0;
			defaultConfigurationName = Release;
		};
		A6C633222B19183100D1B516 /* Build configuration list for PBXNativeTarget "ThreadStudyUITests" */ = {
			isa = XCConfigurationList;
			buildConfigurations = (
				A6C633232B19183100D1B516 /* Debug */,
				A6C633242B19183100D1B516 /* Release */,
			);
			defaultConfigurationIsVisible = 0;
			defaultConfigurationName = Release;
		};
/* End XCConfigurationList section */
	};
	rootObject = A6C632F02B19182F00D1B516 /* Project object */;
}
